// !$*UTF8*$!
{
	archiveVersion = 1;
	classes = {
	};
	objectVersion = 56;
	objects = {

/* Begin PBXBuildFile section */
		18E5D96D8E09F33797718A1E /* Pods_SampleAppTests.framework in Frameworks */ = {isa = PBXBuildFile; fileRef = 84E5B8BA106B08D51C5723A0 /* Pods_SampleAppTests.framework */; };
		5399F3E02AA754130041653E /* ExportOptions.plist in Resources */ = {isa = PBXBuildFile; fileRef = 5399F3DF2AA754130041653E /* ExportOptions.plist */; };
		53C6054E2AA72C350031A0F1 /* AppDelegate.swift in Sources */ = {isa = PBXBuildFile; fileRef = 53C6054D2AA72C350031A0F1 /* AppDelegate.swift */; };
		53C605502AA72C350031A0F1 /* SceneDelegate.swift in Sources */ = {isa = PBXBuildFile; fileRef = 53C6054F2AA72C350031A0F1 /* SceneDelegate.swift */; };
		53C605522AA72C350031A0F1 /* ViewController.swift in Sources */ = {isa = PBXBuildFile; fileRef = 53C605512AA72C350031A0F1 /* ViewController.swift */; };
		53C605552AA72C350031A0F1 /* Main.storyboard in Resources */ = {isa = PBXBuildFile; fileRef = 53C605532AA72C350031A0F1 /* Main.storyboard */; };
		53C605572AA72C360031A0F1 /* Assets.xcassets in Resources */ = {isa = PBXBuildFile; fileRef = 53C605562AA72C360031A0F1 /* Assets.xcassets */; };
		53C6055A2AA72C360031A0F1 /* LaunchScreen.storyboard in Resources */ = {isa = PBXBuildFile; fileRef = 53C605582AA72C360031A0F1 /* LaunchScreen.storyboard */; };
		53C605652AA72C360031A0F1 /* SampleAppTests.swift in Sources */ = {isa = PBXBuildFile; fileRef = 53C605642AA72C360031A0F1 /* SampleAppTests.swift */; };
		53C6056F2AA72C360031A0F1 /* SampleAppUITests.swift in Sources */ = {isa = PBXBuildFile; fileRef = 53C6056E2AA72C360031A0F1 /* SampleAppUITests.swift */; };
		53C605712AA72C360031A0F1 /* SampleAppUITestsLaunchTests.swift in Sources */ = {isa = PBXBuildFile; fileRef = 53C605702AA72C360031A0F1 /* SampleAppUITestsLaunchTests.swift */; };
		AC4B58B75BAEC7268BC486A8 /* Pods_SampleApp.framework in Frameworks */ = {isa = PBXBuildFile; fileRef = 5DB959D5845EE82D51B04E8A /* Pods_SampleApp.framework */; };
		C435AD37F9556C92D7F7FEE3 /* Pods_SampleApp_SampleAppUITests.framework in Frameworks */ = {isa = PBXBuildFile; fileRef = DE7686FA4869C93F3BD6067F /* Pods_SampleApp_SampleAppUITests.framework */; };
/* End PBXBuildFile section */

/* Begin PBXContainerItemProxy section */
		53C605612AA72C360031A0F1 /* PBXContainerItemProxy */ = {
			isa = PBXContainerItemProxy;
			containerPortal = 53C605422AA72C350031A0F1 /* Project object */;
			proxyType = 1;
			remoteGlobalIDString = 53C605492AA72C350031A0F1;
			remoteInfo = SampleApp;
		};
		53C6056B2AA72C360031A0F1 /* PBXContainerItemProxy */ = {
			isa = PBXContainerItemProxy;
			containerPortal = 53C605422AA72C350031A0F1 /* Project object */;
			proxyType = 1;
			remoteGlobalIDString = 53C605492AA72C350031A0F1;
			remoteInfo = SampleApp;
		};
/* End PBXContainerItemProxy section */

/* Begin PBXFileReference section */
		5399F3DF2AA754130041653E /* ExportOptions.plist */ = {isa = PBXFileReference; lastKnownFileType = text.plist.xml; path = ExportOptions.plist; sourceTree = "<group>"; };
		53C6054A2AA72C350031A0F1 /* SampleApp.app */ = {isa = PBXFileReference; explicitFileType = wrapper.application; includeInIndex = 0; path = SampleApp.app; sourceTree = BUILT_PRODUCTS_DIR; };
		53C6054D2AA72C350031A0F1 /* AppDelegate.swift */ = {isa = PBXFileReference; lastKnownFileType = sourcecode.swift; path = AppDelegate.swift; sourceTree = "<group>"; };
		53C6054F2AA72C350031A0F1 /* SceneDelegate.swift */ = {isa = PBXFileReference; lastKnownFileType = sourcecode.swift; path = SceneDelegate.swift; sourceTree = "<group>"; };
		53C605512AA72C350031A0F1 /* ViewController.swift */ = {isa = PBXFileReference; lastKnownFileType = sourcecode.swift; path = ViewController.swift; sourceTree = "<group>"; };
		53C605542AA72C350031A0F1 /* Base */ = {isa = PBXFileReference; lastKnownFileType = file.storyboard; name = Base; path = Base.lproj/Main.storyboard; sourceTree = "<group>"; };
		53C605562AA72C360031A0F1 /* Assets.xcassets */ = {isa = PBXFileReference; lastKnownFileType = folder.assetcatalog; path = Assets.xcassets; sourceTree = "<group>"; };
		53C605592AA72C360031A0F1 /* Base */ = {isa = PBXFileReference; lastKnownFileType = file.storyboard; name = Base; path = Base.lproj/LaunchScreen.storyboard; sourceTree = "<group>"; };
		53C6055B2AA72C360031A0F1 /* Info.plist */ = {isa = PBXFileReference; lastKnownFileType = text.plist.xml; path = Info.plist; sourceTree = "<group>"; };
		53C605602AA72C360031A0F1 /* SampleAppTests.xctest */ = {isa = PBXFileReference; explicitFileType = wrapper.cfbundle; includeInIndex = 0; path = SampleAppTests.xctest; sourceTree = BUILT_PRODUCTS_DIR; };
		53C605642AA72C360031A0F1 /* SampleAppTests.swift */ = {isa = PBXFileReference; lastKnownFileType = sourcecode.swift; path = SampleAppTests.swift; sourceTree = "<group>"; };
		53C6056A2AA72C360031A0F1 /* SampleAppUITests.xctest */ = {isa = PBXFileReference; explicitFileType = wrapper.cfbundle; includeInIndex = 0; path = SampleAppUITests.xctest; sourceTree = BUILT_PRODUCTS_DIR; };
		53C6056E2AA72C360031A0F1 /* SampleAppUITests.swift */ = {isa = PBXFileReference; lastKnownFileType = sourcecode.swift; path = SampleAppUITests.swift; sourceTree = "<group>"; };
		53C605702AA72C360031A0F1 /* SampleAppUITestsLaunchTests.swift */ = {isa = PBXFileReference; lastKnownFileType = sourcecode.swift; path = SampleAppUITestsLaunchTests.swift; sourceTree = "<group>"; };
		5DB959D5845EE82D51B04E8A /* Pods_SampleApp.framework */ = {isa = PBXFileReference; explicitFileType = wrapper.framework; includeInIndex = 0; path = Pods_SampleApp.framework; sourceTree = BUILT_PRODUCTS_DIR; };
		601145BC1A8D984CC4063BB1 /* Pods-SampleApp-SampleAppUITests.debug.xcconfig */ = {isa = PBXFileReference; includeInIndex = 1; lastKnownFileType = text.xcconfig; name = "Pods-SampleApp-SampleAppUITests.debug.xcconfig"; path = "Target Support Files/Pods-SampleApp-SampleAppUITests/Pods-SampleApp-SampleAppUITests.debug.xcconfig"; sourceTree = "<group>"; };
		61E45091958DDE149BEDE329 /* Pods-SampleApp.release.xcconfig */ = {isa = PBXFileReference; includeInIndex = 1; lastKnownFileType = text.xcconfig; name = "Pods-SampleApp.release.xcconfig"; path = "Target Support Files/Pods-SampleApp/Pods-SampleApp.release.xcconfig"; sourceTree = "<group>"; };
		820C07E23340F1C01DE0C977 /* Pods-SampleAppTests.debug.xcconfig */ = {isa = PBXFileReference; includeInIndex = 1; lastKnownFileType = text.xcconfig; name = "Pods-SampleAppTests.debug.xcconfig"; path = "Target Support Files/Pods-SampleAppTests/Pods-SampleAppTests.debug.xcconfig"; sourceTree = "<group>"; };
		84E5B8BA106B08D51C5723A0 /* Pods_SampleAppTests.framework */ = {isa = PBXFileReference; explicitFileType = wrapper.framework; includeInIndex = 0; path = Pods_SampleAppTests.framework; sourceTree = BUILT_PRODUCTS_DIR; };
		BC63F2DC78A5AF3B81092F63 /* Pods-SampleApp.debug.xcconfig */ = {isa = PBXFileReference; includeInIndex = 1; lastKnownFileType = text.xcconfig; name = "Pods-SampleApp.debug.xcconfig"; path = "Target Support Files/Pods-SampleApp/Pods-SampleApp.debug.xcconfig"; sourceTree = "<group>"; };
		C3B968820090FBD2B1AAC4F8 /* Pods-SampleApp-SampleAppUITests.release.xcconfig */ = {isa = PBXFileReference; includeInIndex = 1; lastKnownFileType = text.xcconfig; name = "Pods-SampleApp-SampleAppUITests.release.xcconfig"; path = "Target Support Files/Pods-SampleApp-SampleAppUITests/Pods-SampleApp-SampleAppUITests.release.xcconfig"; sourceTree = "<group>"; };
		DE7686FA4869C93F3BD6067F /* Pods_SampleApp_SampleAppUITests.framework */ = {isa = PBXFileReference; explicitFileType = wrapper.framework; includeInIndex = 0; path = Pods_SampleApp_SampleAppUITests.framework; sourceTree = BUILT_PRODUCTS_DIR; };
		EF867BC404652D2141336CE2 /* Pods-SampleAppTests.release.xcconfig */ = {isa = PBXFileReference; includeInIndex = 1; lastKnownFileType = text.xcconfig; name = "Pods-SampleAppTests.release.xcconfig"; path = "Target Support Files/Pods-SampleAppTests/Pods-SampleAppTests.release.xcconfig"; sourceTree = "<group>"; };
/* End PBXFileReference section */

/* Begin PBXFrameworksBuildPhase section */
		53C605472AA72C350031A0F1 /* Frameworks */ = {
			isa = PBXFrameworksBuildPhase;
			buildActionMask = 2147483647;
			files = (
				AC4B58B75BAEC7268BC486A8 /* Pods_SampleApp.framework in Frameworks */,
			);
			runOnlyForDeploymentPostprocessing = 0;
		};
		53C6055D2AA72C360031A0F1 /* Frameworks */ = {
			isa = PBXFrameworksBuildPhase;
			buildActionMask = 2147483647;
			files = (
				18E5D96D8E09F33797718A1E /* Pods_SampleAppTests.framework in Frameworks */,
			);
			runOnlyForDeploymentPostprocessing = 0;
		};
		53C605672AA72C360031A0F1 /* Frameworks */ = {
			isa = PBXFrameworksBuildPhase;
			buildActionMask = 2147483647;
			files = (
				C435AD37F9556C92D7F7FEE3 /* Pods_SampleApp_SampleAppUITests.framework in Frameworks */,
			);
			runOnlyForDeploymentPostprocessing = 0;
		};
/* End PBXFrameworksBuildPhase section */

/* Begin PBXGroup section */
		2AA69FCB24A2CDB7DC0939FF /* Pods */ = {
			isa = PBXGroup;
			children = (
				BC63F2DC78A5AF3B81092F63 /* Pods-SampleApp.debug.xcconfig */,
				61E45091958DDE149BEDE329 /* Pods-SampleApp.release.xcconfig */,
				601145BC1A8D984CC4063BB1 /* Pods-SampleApp-SampleAppUITests.debug.xcconfig */,
				C3B968820090FBD2B1AAC4F8 /* Pods-SampleApp-SampleAppUITests.release.xcconfig */,
				820C07E23340F1C01DE0C977 /* Pods-SampleAppTests.debug.xcconfig */,
				EF867BC404652D2141336CE2 /* Pods-SampleAppTests.release.xcconfig */,
			);
			path = Pods;
			sourceTree = "<group>";
		};
		53C605412AA72C350031A0F1 = {
			isa = PBXGroup;
			children = (
				53C6054C2AA72C350031A0F1 /* SampleApp */,
				53C605632AA72C360031A0F1 /* SampleAppTests */,
				53C6056D2AA72C360031A0F1 /* SampleAppUITests */,
				53C6054B2AA72C350031A0F1 /* Products */,
				2AA69FCB24A2CDB7DC0939FF /* Pods */,
				C0F9B0E8D4BDD63F0CB95D2E /* Frameworks */,
			);
			sourceTree = "<group>";
		};
		53C6054B2AA72C350031A0F1 /* Products */ = {
			isa = PBXGroup;
			children = (
				53C6054A2AA72C350031A0F1 /* SampleApp.app */,
				53C605602AA72C360031A0F1 /* SampleAppTests.xctest */,
				53C6056A2AA72C360031A0F1 /* SampleAppUITests.xctest */,
			);
			name = Products;
			sourceTree = "<group>";
		};
		53C6054C2AA72C350031A0F1 /* SampleApp */ = {
			isa = PBXGroup;
			children = (
				53C6054D2AA72C350031A0F1 /* AppDelegate.swift */,
				53C6054F2AA72C350031A0F1 /* SceneDelegate.swift */,
				53C605512AA72C350031A0F1 /* ViewController.swift */,
				53C605532AA72C350031A0F1 /* Main.storyboard */,
				53C605562AA72C360031A0F1 /* Assets.xcassets */,
				53C605582AA72C360031A0F1 /* LaunchScreen.storyboard */,
				53C6055B2AA72C360031A0F1 /* Info.plist */,
				5399F3DF2AA754130041653E /* ExportOptions.plist */,
			);
			path = SampleApp;
			sourceTree = "<group>";
		};
		53C605632AA72C360031A0F1 /* SampleAppTests */ = {
			isa = PBXGroup;
			children = (
				53C605642AA72C360031A0F1 /* SampleAppTests.swift */,
			);
			path = SampleAppTests;
			sourceTree = "<group>";
		};
		53C6056D2AA72C360031A0F1 /* SampleAppUITests */ = {
			isa = PBXGroup;
			children = (
				53C6056E2AA72C360031A0F1 /* SampleAppUITests.swift */,
				53C605702AA72C360031A0F1 /* SampleAppUITestsLaunchTests.swift */,
			);
			path = SampleAppUITests;
			sourceTree = "<group>";
		};
		C0F9B0E8D4BDD63F0CB95D2E /* Frameworks */ = {
			isa = PBXGroup;
			children = (
				5DB959D5845EE82D51B04E8A /* Pods_SampleApp.framework */,
				DE7686FA4869C93F3BD6067F /* Pods_SampleApp_SampleAppUITests.framework */,
				84E5B8BA106B08D51C5723A0 /* Pods_SampleAppTests.framework */,
			);
			name = Frameworks;
			sourceTree = "<group>";
		};
/* End PBXGroup section */

/* Begin PBXNativeTarget section */
		53C605492AA72C350031A0F1 /* SampleApp */ = {
			isa = PBXNativeTarget;
			buildConfigurationList = 53C605742AA72C360031A0F1 /* Build configuration list for PBXNativeTarget "SampleApp" */;
			buildPhases = (
				5876A56F3DE38C03E848F879 /* [CP] Check Pods Manifest.lock */,
				53C605462AA72C350031A0F1 /* Sources */,
				53C605472AA72C350031A0F1 /* Frameworks */,
				53C605482AA72C350031A0F1 /* Resources */,
			);
			buildRules = (
			);
			dependencies = (
			);
			name = SampleApp;
			productName = SampleApp;
			productReference = 53C6054A2AA72C350031A0F1 /* SampleApp.app */;
			productType = "com.apple.product-type.application";
		};
		53C6055F2AA72C360031A0F1 /* SampleAppTests */ = {
			isa = PBXNativeTarget;
			buildConfigurationList = 53C605772AA72C360031A0F1 /* Build configuration list for PBXNativeTarget "SampleAppTests" */;
			buildPhases = (
				7DA271CA78AA079CE45E5C00 /* [CP] Check Pods Manifest.lock */,
				53C6055C2AA72C360031A0F1 /* Sources */,
				53C6055D2AA72C360031A0F1 /* Frameworks */,
				53C6055E2AA72C360031A0F1 /* Resources */,
			);
			buildRules = (
			);
			dependencies = (
				53C605622AA72C360031A0F1 /* PBXTargetDependency */,
			);
			name = SampleAppTests;
			productName = SampleAppTests;
			productReference = 53C605602AA72C360031A0F1 /* SampleAppTests.xctest */;
			productType = "com.apple.product-type.bundle.unit-test";
		};
		53C605692AA72C360031A0F1 /* SampleAppUITests */ = {
			isa = PBXNativeTarget;
			buildConfigurationList = 53C6057A2AA72C360031A0F1 /* Build configuration list for PBXNativeTarget "SampleAppUITests" */;
			buildPhases = (
				67F7D1A402D7C2F194C595D9 /* [CP] Check Pods Manifest.lock */,
				53C605662AA72C360031A0F1 /* Sources */,
				53C605672AA72C360031A0F1 /* Frameworks */,
				53C605682AA72C360031A0F1 /* Resources */,
			);
			buildRules = (
			);
			dependencies = (
				53C6056C2AA72C360031A0F1 /* PBXTargetDependency */,
			);
			name = SampleAppUITests;
			productName = SampleAppUITests;
			productReference = 53C6056A2AA72C360031A0F1 /* SampleAppUITests.xctest */;
			productType = "com.apple.product-type.bundle.ui-testing";
		};
/* End PBXNativeTarget section */

/* Begin PBXProject section */
		53C605422AA72C350031A0F1 /* Project object */ = {
			isa = PBXProject;
			attributes = {
				BuildIndependentTargetsInParallel = 1;
				LastSwiftUpdateCheck = 1430;
				LastUpgradeCheck = 1430;
				TargetAttributes = {
					53C605492AA72C350031A0F1 = {
						CreatedOnToolsVersion = 14.3.1;
					};
					53C6055F2AA72C360031A0F1 = {
						CreatedOnToolsVersion = 14.3.1;
						TestTargetID = 53C605492AA72C350031A0F1;
					};
					53C605692AA72C360031A0F1 = {
						CreatedOnToolsVersion = 14.3.1;
						TestTargetID = 53C605492AA72C350031A0F1;
					};
				};
			};
			buildConfigurationList = 53C605452AA72C350031A0F1 /* Build configuration list for PBXProject "SampleApp" */;
			compatibilityVersion = "Xcode 14.0";
			developmentRegion = en;
			hasScannedForEncodings = 0;
			knownRegions = (
				en,
				Base,
			);
			mainGroup = 53C605412AA72C350031A0F1;
			productRefGroup = 53C6054B2AA72C350031A0F1 /* Products */;
			projectDirPath = "";
			projectRoot = "";
			targets = (
				53C605492AA72C350031A0F1 /* SampleApp */,
				53C6055F2AA72C360031A0F1 /* SampleAppTests */,
				53C605692AA72C360031A0F1 /* SampleAppUITests */,
			);
		};
/* End PBXProject section */

/* Begin PBXResourcesBuildPhase section */
		53C605482AA72C350031A0F1 /* Resources */ = {
			isa = PBXResourcesBuildPhase;
			buildActionMask = 2147483647;
			files = (
				53C6055A2AA72C360031A0F1 /* LaunchScreen.storyboard in Resources */,
				53C605572AA72C360031A0F1 /* Assets.xcassets in Resources */,
				53C605552AA72C350031A0F1 /* Main.storyboard in Resources */,
				5399F3E02AA754130041653E /* ExportOptions.plist in Resources */,
			);
			runOnlyForDeploymentPostprocessing = 0;
		};
		53C6055E2AA72C360031A0F1 /* Resources */ = {
			isa = PBXResourcesBuildPhase;
			buildActionMask = 2147483647;
			files = (
			);
			runOnlyForDeploymentPostprocessing = 0;
		};
		53C605682AA72C360031A0F1 /* Resources */ = {
			isa = PBXResourcesBuildPhase;
			buildActionMask = 2147483647;
			files = (
			);
			runOnlyForDeploymentPostprocessing = 0;
		};
/* End PBXResourcesBuildPhase section */

/* Begin PBXShellScriptBuildPhase section */
		5876A56F3DE38C03E848F879 /* [CP] Check Pods Manifest.lock */ = {
			isa = PBXShellScriptBuildPhase;
			buildActionMask = 2147483647;
			files = (
			);
			inputFileListPaths = (
			);
			inputPaths = (
				"${PODS_PODFILE_DIR_PATH}/Podfile.lock",
				"${PODS_ROOT}/Manifest.lock",
			);
			name = "[CP] Check Pods Manifest.lock";
			outputFileListPaths = (
			);
			outputPaths = (
				"$(DERIVED_FILE_DIR)/Pods-SampleApp-checkManifestLockResult.txt",
			);
			runOnlyForDeploymentPostprocessing = 0;
			shellPath = /bin/sh;
			shellScript = "diff \"${PODS_PODFILE_DIR_PATH}/Podfile.lock\" \"${PODS_ROOT}/Manifest.lock\" > /dev/null\nif [ $? != 0 ] ; then\n    # print error to STDERR\n    echo \"error: The sandbox is not in sync with the Podfile.lock. Run 'pod install' or update your CocoaPods installation.\" >&2\n    exit 1\nfi\n# This output is used by Xcode 'outputs' to avoid re-running this script phase.\necho \"SUCCESS\" > \"${SCRIPT_OUTPUT_FILE_0}\"\n";
			showEnvVarsInLog = 0;
		};
		67F7D1A402D7C2F194C595D9 /* [CP] Check Pods Manifest.lock */ = {
			isa = PBXShellScriptBuildPhase;
			buildActionMask = 2147483647;
			files = (
			);
			inputFileListPaths = (
			);
			inputPaths = (
				"${PODS_PODFILE_DIR_PATH}/Podfile.lock",
				"${PODS_ROOT}/Manifest.lock",
			);
			name = "[CP] Check Pods Manifest.lock";
			outputFileListPaths = (
			);
			outputPaths = (
				"$(DERIVED_FILE_DIR)/Pods-SampleApp-SampleAppUITests-checkManifestLockResult.txt",
			);
			runOnlyForDeploymentPostprocessing = 0;
			shellPath = /bin/sh;
			shellScript = "diff \"${PODS_PODFILE_DIR_PATH}/Podfile.lock\" \"${PODS_ROOT}/Manifest.lock\" > /dev/null\nif [ $? != 0 ] ; then\n    # print error to STDERR\n    echo \"error: The sandbox is not in sync with the Podfile.lock. Run 'pod install' or update your CocoaPods installation.\" >&2\n    exit 1\nfi\n# This output is used by Xcode 'outputs' to avoid re-running this script phase.\necho \"SUCCESS\" > \"${SCRIPT_OUTPUT_FILE_0}\"\n";
			showEnvVarsInLog = 0;
		};
		7DA271CA78AA079CE45E5C00 /* [CP] Check Pods Manifest.lock */ = {
			isa = PBXShellScriptBuildPhase;
			buildActionMask = 2147483647;
			files = (
			);
			inputFileListPaths = (
			);
			inputPaths = (
				"${PODS_PODFILE_DIR_PATH}/Podfile.lock",
				"${PODS_ROOT}/Manifest.lock",
			);
			name = "[CP] Check Pods Manifest.lock";
			outputFileListPaths = (
			);
			outputPaths = (
				"$(DERIVED_FILE_DIR)/Pods-SampleAppTests-checkManifestLockResult.txt",
			);
			runOnlyForDeploymentPostprocessing = 0;
			shellPath = /bin/sh;
			shellScript = "diff \"${PODS_PODFILE_DIR_PATH}/Podfile.lock\" \"${PODS_ROOT}/Manifest.lock\" > /dev/null\nif [ $? != 0 ] ; then\n    # print error to STDERR\n    echo \"error: The sandbox is not in sync with the Podfile.lock. Run 'pod install' or update your CocoaPods installation.\" >&2\n    exit 1\nfi\n# This output is used by Xcode 'outputs' to avoid re-running this script phase.\necho \"SUCCESS\" > \"${SCRIPT_OUTPUT_FILE_0}\"\n";
			showEnvVarsInLog = 0;
		};
/* End PBXShellScriptBuildPhase section */

/* Begin PBXSourcesBuildPhase section */
		53C605462AA72C350031A0F1 /* Sources */ = {
			isa = PBXSourcesBuildPhase;
			buildActionMask = 2147483647;
			files = (
				53C605522AA72C350031A0F1 /* ViewController.swift in Sources */,
				53C6054E2AA72C350031A0F1 /* AppDelegate.swift in Sources */,
				53C605502AA72C350031A0F1 /* SceneDelegate.swift in Sources */,
			);
			runOnlyForDeploymentPostprocessing = 0;
		};
		53C6055C2AA72C360031A0F1 /* Sources */ = {
			isa = PBXSourcesBuildPhase;
			buildActionMask = 2147483647;
			files = (
				53C605652AA72C360031A0F1 /* SampleAppTests.swift in Sources */,
			);
			runOnlyForDeploymentPostprocessing = 0;
		};
		53C605662AA72C360031A0F1 /* Sources */ = {
			isa = PBXSourcesBuildPhase;
			buildActionMask = 2147483647;
			files = (
				53C605712AA72C360031A0F1 /* SampleAppUITestsLaunchTests.swift in Sources */,
				53C6056F2AA72C360031A0F1 /* SampleAppUITests.swift in Sources */,
			);
			runOnlyForDeploymentPostprocessing = 0;
		};
/* End PBXSourcesBuildPhase section */

/* Begin PBXTargetDependency section */
		53C605622AA72C360031A0F1 /* PBXTargetDependency */ = {
			isa = PBXTargetDependency;
			target = 53C605492AA72C350031A0F1 /* SampleApp */;
			targetProxy = 53C605612AA72C360031A0F1 /* PBXContainerItemProxy */;
		};
		53C6056C2AA72C360031A0F1 /* PBXTargetDependency */ = {
			isa = PBXTargetDependency;
			target = 53C605492AA72C350031A0F1 /* SampleApp */;
			targetProxy = 53C6056B2AA72C360031A0F1 /* PBXContainerItemProxy */;
		};
/* End PBXTargetDependency section */

/* Begin PBXVariantGroup section */
		53C605532AA72C350031A0F1 /* Main.storyboard */ = {
			isa = PBXVariantGroup;
			children = (
				53C605542AA72C350031A0F1 /* Base */,
			);
			name = Main.storyboard;
			sourceTree = "<group>";
		};
		53C605582AA72C360031A0F1 /* LaunchScreen.storyboard */ = {
			isa = PBXVariantGroup;
			children = (
				53C605592AA72C360031A0F1 /* Base */,
			);
			name = LaunchScreen.storyboard;
			sourceTree = "<group>";
		};
/* End PBXVariantGroup section */

/* Begin XCBuildConfiguration section */
		53C605722AA72C360031A0F1 /* Debug */ = {
			isa = XCBuildConfiguration;
			buildSettings = {
				ALWAYS_SEARCH_USER_PATHS = NO;
				CLANG_ANALYZER_NONNULL = YES;
				CLANG_ANALYZER_NUMBER_OBJECT_CONVERSION = YES_AGGRESSIVE;
				CLANG_CXX_LANGUAGE_STANDARD = "gnu++20";
				CLANG_ENABLE_MODULES = YES;
				CLANG_ENABLE_OBJC_ARC = YES;
				CLANG_ENABLE_OBJC_WEAK = YES;
				CLANG_WARN_BLOCK_CAPTURE_AUTORELEASING = YES;
				CLANG_WARN_BOOL_CONVERSION = YES;
				CLANG_WARN_COMMA = YES;
				CLANG_WARN_CONSTANT_CONVERSION = YES;
				CLANG_WARN_DEPRECATED_OBJC_IMPLEMENTATIONS = YES;
				CLANG_WARN_DIRECT_OBJC_ISA_USAGE = YES_ERROR;
				CLANG_WARN_DOCUMENTATION_COMMENTS = YES;
				CLANG_WARN_EMPTY_BODY = YES;
				CLANG_WARN_ENUM_CONVERSION = YES;
				CLANG_WARN_INFINITE_RECURSION = YES;
				CLANG_WARN_INT_CONVERSION = YES;
				CLANG_WARN_NON_LITERAL_NULL_CONVERSION = YES;
				CLANG_WARN_OBJC_IMPLICIT_RETAIN_SELF = YES;
				CLANG_WARN_OBJC_LITERAL_CONVERSION = YES;
				CLANG_WARN_OBJC_ROOT_CLASS = YES_ERROR;
				CLANG_WARN_QUOTED_INCLUDE_IN_FRAMEWORK_HEADER = YES;
				CLANG_WARN_RANGE_LOOP_ANALYSIS = YES;
				CLANG_WARN_STRICT_PROTOTYPES = YES;
				CLANG_WARN_SUSPICIOUS_MOVE = YES;
				CLANG_WARN_UNGUARDED_AVAILABILITY = YES_AGGRESSIVE;
				CLANG_WARN_UNREACHABLE_CODE = YES;
				CLANG_WARN__DUPLICATE_METHOD_MATCH = YES;
				COPY_PHASE_STRIP = NO;
				DEBUG_INFORMATION_FORMAT = dwarf;
				ENABLE_STRICT_OBJC_MSGSEND = YES;
				ENABLE_TESTABILITY = YES;
				GCC_C_LANGUAGE_STANDARD = gnu11;
				GCC_DYNAMIC_NO_PIC = NO;
				GCC_NO_COMMON_BLOCKS = YES;
				GCC_OPTIMIZATION_LEVEL = 0;
				GCC_PREPROCESSOR_DEFINITIONS = (
					"DEBUG=1",
					"$(inherited)",
				);
				GCC_WARN_64_TO_32_BIT_CONVERSION = YES;
				GCC_WARN_ABOUT_RETURN_TYPE = YES_ERROR;
				GCC_WARN_UNDECLARED_SELECTOR = YES;
				GCC_WARN_UNINITIALIZED_AUTOS = YES_AGGRESSIVE;
				GCC_WARN_UNUSED_FUNCTION = YES;
				GCC_WARN_UNUSED_VARIABLE = YES;
				IPHONEOS_DEPLOYMENT_TARGET = 16.0;
				MTL_ENABLE_DEBUG_INFO = INCLUDE_SOURCE;
				MTL_FAST_MATH = YES;
				ONLY_ACTIVE_ARCH = YES;
				SDKROOT = iphoneos;
				SWIFT_ACTIVE_COMPILATION_CONDITIONS = DEBUG;
				SWIFT_OPTIMIZATION_LEVEL = "-Onone";
			};
			name = Debug;
		};
		53C605732AA72C360031A0F1 /* Release */ = {
			isa = XCBuildConfiguration;
			buildSettings = {
				ALWAYS_SEARCH_USER_PATHS = NO;
				CLANG_ANALYZER_NONNULL = YES;
				CLANG_ANALYZER_NUMBER_OBJECT_CONVERSION = YES_AGGRESSIVE;
				CLANG_CXX_LANGUAGE_STANDARD = "gnu++20";
				CLANG_ENABLE_MODULES = YES;
				CLANG_ENABLE_OBJC_ARC = YES;
				CLANG_ENABLE_OBJC_WEAK = YES;
				CLANG_WARN_BLOCK_CAPTURE_AUTORELEASING = YES;
				CLANG_WARN_BOOL_CONVERSION = YES;
				CLANG_WARN_COMMA = YES;
				CLANG_WARN_CONSTANT_CONVERSION = YES;
				CLANG_WARN_DEPRECATED_OBJC_IMPLEMENTATIONS = YES;
				CLANG_WARN_DIRECT_OBJC_ISA_USAGE = YES_ERROR;
				CLANG_WARN_DOCUMENTATION_COMMENTS = YES;
				CLANG_WARN_EMPTY_BODY = YES;
				CLANG_WARN_ENUM_CONVERSION = YES;
				CLANG_WARN_INFINITE_RECURSION = YES;
				CLANG_WARN_INT_CONVERSION = YES;
				CLANG_WARN_NON_LITERAL_NULL_CONVERSION = YES;
				CLANG_WARN_OBJC_IMPLICIT_RETAIN_SELF = YES;
				CLANG_WARN_OBJC_LITERAL_CONVERSION = YES;
				CLANG_WARN_OBJC_ROOT_CLASS = YES_ERROR;
				CLANG_WARN_QUOTED_INCLUDE_IN_FRAMEWORK_HEADER = YES;
				CLANG_WARN_RANGE_LOOP_ANALYSIS = YES;
				CLANG_WARN_STRICT_PROTOTYPES = YES;
				CLANG_WARN_SUSPICIOUS_MOVE = YES;
				CLANG_WARN_UNGUARDED_AVAILABILITY = YES_AGGRESSIVE;
				CLANG_WARN_UNREACHABLE_CODE = YES;
				CLANG_WARN__DUPLICATE_METHOD_MATCH = YES;
				COPY_PHASE_STRIP = NO;
				DEBUG_INFORMATION_FORMAT = "dwarf-with-dsym";
				ENABLE_NS_ASSERTIONS = NO;
				ENABLE_STRICT_OBJC_MSGSEND = YES;
				GCC_C_LANGUAGE_STANDARD = gnu11;
				GCC_NO_COMMON_BLOCKS = YES;
				GCC_WARN_64_TO_32_BIT_CONVERSION = YES;
				GCC_WARN_ABOUT_RETURN_TYPE = YES_ERROR;
				GCC_WARN_UNDECLARED_SELECTOR = YES;
				GCC_WARN_UNINITIALIZED_AUTOS = YES_AGGRESSIVE;
				GCC_WARN_UNUSED_FUNCTION = YES;
				GCC_WARN_UNUSED_VARIABLE = YES;
				IPHONEOS_DEPLOYMENT_TARGET = 16.0;
				MTL_ENABLE_DEBUG_INFO = NO;
				MTL_FAST_MATH = YES;
				SDKROOT = iphoneos;
				SWIFT_COMPILATION_MODE = wholemodule;
				SWIFT_OPTIMIZATION_LEVEL = "-O";
				VALIDATE_PRODUCT = YES;
			};
			name = Release;
		};
		53C605752AA72C360031A0F1 /* Debug */ = {
			isa = XCBuildConfiguration;
			baseConfigurationReference = BC63F2DC78A5AF3B81092F63 /* Pods-SampleApp.debug.xcconfig */;
			buildSettings = {
				ASSETCATALOG_COMPILER_APPICON_NAME = AppIcon;
				ASSETCATALOG_COMPILER_GLOBAL_ACCENT_COLOR_NAME = AccentColor;
				CODE_SIGN_IDENTITY = "iPhone Distribution: TISSA Technology (8H4VCQCSWU)";
				"CODE_SIGN_IDENTITY[sdk=iphoneos*]" = "iPhone Distribution: TISSA Technology (8H4VCQCSWU)";
				CODE_SIGN_STYLE = Manual;
				CURRENT_PROJECT_VERSION = 1;
				DEVELOPMENT_TEAM = "";
				"DEVELOPMENT_TEAM[sdk=iphoneos*]" = 8H4VCQCSWU;
				GENERATE_INFOPLIST_FILE = YES;
				INFOPLIST_FILE = SampleApp/Info.plist;
				INFOPLIST_KEY_UIApplicationSupportsIndirectInputEvents = YES;
				INFOPLIST_KEY_UILaunchStoryboardName = LaunchScreen;
				INFOPLIST_KEY_UIMainStoryboardFile = Main;
				INFOPLIST_KEY_UISupportedInterfaceOrientations_iPad = "UIInterfaceOrientationPortrait UIInterfaceOrientationPortraitUpsideDown UIInterfaceOrientationLandscapeLeft UIInterfaceOrientationLandscapeRight";
				INFOPLIST_KEY_UISupportedInterfaceOrientations_iPhone = "UIInterfaceOrientationPortrait UIInterfaceOrientationLandscapeLeft UIInterfaceOrientationLandscapeRight";
				IPHONEOS_DEPLOYMENT_TARGET = 16.0;
				LD_RUNPATH_SEARCH_PATHS = (
					"$(inherited)",
					"@executable_path/Frameworks",
				);
				MARKETING_VERSION = 1.0;
				PRODUCT_BUNDLE_IDENTIFIER = com.tissatech.SampleApp;
				PRODUCT_NAME = "$(TARGET_NAME)";
				PROVISIONING_PROFILE_SPECIFIER = SampleApp;
				"PROVISIONING_PROFILE_SPECIFIER[sdk=iphoneos*]" = SampleApp;
				SWIFT_EMIT_LOC_STRINGS = YES;
				SWIFT_VERSION = 5.0;
				TARGETED_DEVICE_FAMILY = "1,2";
			};
			name = Debug;
		};
		53C605762AA72C360031A0F1 /* Release */ = {
			isa = XCBuildConfiguration;
			baseConfigurationReference = 61E45091958DDE149BEDE329 /* Pods-SampleApp.release.xcconfig */;
			buildSettings = {
				ASSETCATALOG_COMPILER_APPICON_NAME = AppIcon;
				ASSETCATALOG_COMPILER_GLOBAL_ACCENT_COLOR_NAME = AccentColor;
				CODE_SIGN_IDENTITY = "iPhone Distribution: TISSA Technology (8H4VCQCSWU)";
				"CODE_SIGN_IDENTITY[sdk=iphoneos*]" = "iPhone Distribution: TISSA Technology (8H4VCQCSWU)";
				CODE_SIGN_STYLE = Manual;
				CURRENT_PROJECT_VERSION = 1;
				DEVELOPMENT_TEAM = "";
				"DEVELOPMENT_TEAM[sdk=iphoneos*]" = 8H4VCQCSWU;
				GENERATE_INFOPLIST_FILE = YES;
				INFOPLIST_FILE = SampleApp/Info.plist;
				INFOPLIST_KEY_UIApplicationSupportsIndirectInputEvents = YES;
				INFOPLIST_KEY_UILaunchStoryboardName = LaunchScreen;
				INFOPLIST_KEY_UIMainStoryboardFile = Main;
				INFOPLIST_KEY_UISupportedInterfaceOrientations_iPad = "UIInterfaceOrientationPortrait UIInterfaceOrientationPortraitUpsideDown UIInterfaceOrientationLandscapeLeft UIInterfaceOrientationLandscapeRight";
				INFOPLIST_KEY_UISupportedInterfaceOrientations_iPhone = "UIInterfaceOrientationPortrait UIInterfaceOrientationLandscapeLeft UIInterfaceOrientationLandscapeRight";
				IPHONEOS_DEPLOYMENT_TARGET = 16.0;
				LD_RUNPATH_SEARCH_PATHS = (
					"$(inherited)",
					"@executable_path/Frameworks",
				);
				MARKETING_VERSION = 1.0;
				PRODUCT_BUNDLE_IDENTIFIER = com.tissatech.SampleApp;
				PRODUCT_NAME = "$(TARGET_NAME)";
				PROVISIONING_PROFILE_SPECIFIER = SampleApp;
				"PROVISIONING_PROFILE_SPECIFIER[sdk=iphoneos*]" = SampleApp;
				SWIFT_EMIT_LOC_STRINGS = YES;
				SWIFT_VERSION = 5.0;
				TARGETED_DEVICE_FAMILY = "1,2";
			};
			name = Release;
		};
		53C605782AA72C360031A0F1 /* Debug */ = {
			isa = XCBuildConfiguration;
			baseConfigurationReference = 820C07E23340F1C01DE0C977 /* Pods-SampleAppTests.debug.xcconfig */;
			buildSettings = {
				ALWAYS_EMBED_SWIFT_STANDARD_LIBRARIES = YES;
				BUNDLE_LOADER = "$(TEST_HOST)";
				CODE_SIGN_STYLE = Manual;
				CURRENT_PROJECT_VERSION = 1;
				GENERATE_INFOPLIST_FILE = YES;
				IPHONEOS_DEPLOYMENT_TARGET = 16.4;
				MARKETING_VERSION = 1.0;
				PRODUCT_BUNDLE_IDENTIFIER = com.tissatech.SampleAppTests;
				PRODUCT_NAME = "$(TARGET_NAME)";
				SWIFT_EMIT_LOC_STRINGS = NO;
				SWIFT_VERSION = 5.0;
				TARGETED_DEVICE_FAMILY = "1,2";
				TEST_HOST = "$(BUILT_PRODUCTS_DIR)/SampleApp.app/$(BUNDLE_EXECUTABLE_FOLDER_PATH)/SampleApp";
			};
			name = Debug;
		};
		53C605792AA72C360031A0F1 /* Release */ = {
			isa = XCBuildConfiguration;
			baseConfigurationReference = EF867BC404652D2141336CE2 /* Pods-SampleAppTests.release.xcconfig */;
			buildSettings = {
				ALWAYS_EMBED_SWIFT_STANDARD_LIBRARIES = YES;
				BUNDLE_LOADER = "$(TEST_HOST)";
				CODE_SIGN_STYLE = Manual;
				CURRENT_PROJECT_VERSION = 1;
				GENERATE_INFOPLIST_FILE = YES;
				IPHONEOS_DEPLOYMENT_TARGET = 16.4;
				MARKETING_VERSION = 1.0;
				PRODUCT_BUNDLE_IDENTIFIER = com.tissatech.SampleAppTests;
				PRODUCT_NAME = "$(TARGET_NAME)";
				SWIFT_EMIT_LOC_STRINGS = NO;
				SWIFT_VERSION = 5.0;
				TARGETED_DEVICE_FAMILY = "1,2";
				TEST_HOST = "$(BUILT_PRODUCTS_DIR)/SampleApp.app/$(BUNDLE_EXECUTABLE_FOLDER_PATH)/SampleApp";
			};
			name = Release;
		};
		53C6057B2AA72C360031A0F1 /* Debug */ = {
			isa = XCBuildConfiguration;
			baseConfigurationReference = 601145BC1A8D984CC4063BB1 /* Pods-SampleApp-SampleAppUITests.debug.xcconfig */;
			buildSettings = {
				ALWAYS_EMBED_SWIFT_STANDARD_LIBRARIES = YES;
				CODE_SIGN_STYLE = Manual;
				CURRENT_PROJECT_VERSION = 1;
				DEVELOPMENT_TEAM = "";
				GENERATE_INFOPLIST_FILE = YES;
				MARKETING_VERSION = 1.0;
				PRODUCT_BUNDLE_IDENTIFIER = com.tissatech.SampleAppUITests;
				PRODUCT_NAME = "$(TARGET_NAME)";
				PROVISIONING_PROFILE_SPECIFIER = "";
				SWIFT_EMIT_LOC_STRINGS = NO;
				SWIFT_VERSION = 5.0;
				TARGETED_DEVICE_FAMILY = "1,2";
				TEST_TARGET_NAME = SampleApp;
			};
			name = Debug;
		};
		53C6057C2AA72C360031A0F1 /* Release */ = {
			isa = XCBuildConfiguration;
			baseConfigurationReference = C3B968820090FBD2B1AAC4F8 /* Pods-SampleApp-SampleAppUITests.release.xcconfig */;
			buildSettings = {
				ALWAYS_EMBED_SWIFT_STANDARD_LIBRARIES = YES;
				CODE_SIGN_STYLE = Manual;
				CURRENT_PROJECT_VERSION = 1;
				DEVELOPMENT_TEAM = "";
				GENERATE_INFOPLIST_FILE = YES;
				MARKETING_VERSION = 1.0;
				PRODUCT_BUNDLE_IDENTIFIER = com.tissatech.SampleAppUITests;
				PRODUCT_NAME = "$(TARGET_NAME)";
				PROVISIONING_PROFILE_SPECIFIER = "";
				SWIFT_EMIT_LOC_STRINGS = NO;
				SWIFT_VERSION = 5.0;
				TARGETED_DEVICE_FAMILY = "1,2";
				TEST_TARGET_NAME = SampleApp;
			};
			name = Release;
		};
/* End XCBuildConfiguration section */

/* Begin XCConfigurationList section */
		53C605452AA72C350031A0F1 /* Build configuration list for PBXProject "SampleApp" */ = {
			isa = XCConfigurationList;
			buildConfigurations = (
				53C605722AA72C360031A0F1 /* Debug */,
				53C605732AA72C360031A0F1 /* Release */,
			);
			defaultConfigurationIsVisible = 0;
			defaultConfigurationName = Release;
		};
		53C605742AA72C360031A0F1 /* Build configuration list for PBXNativeTarget "SampleApp" */ = {
			isa = XCConfigurationList;
			buildConfigurations = (
				53C605752AA72C360031A0F1 /* Debug */,
				53C605762AA72C360031A0F1 /* Release */,
			);
			defaultConfigurationIsVisible = 0;
			defaultConfigurationName = Release;
		};
		53C605772AA72C360031A0F1 /* Build configuration list for PBXNativeTarget "SampleAppTests" */ = {
			isa = XCConfigurationList;
			buildConfigurations = (
				53C605782AA72C360031A0F1 /* Debug */,
				53C605792AA72C360031A0F1 /* Release */,
			);
			defaultConfigurationIsVisible = 0;
			defaultConfigurationName = Release;
		};
		53C6057A2AA72C360031A0F1 /* Build configuration list for PBXNativeTarget "SampleAppUITests" */ = {
			isa = XCConfigurationList;
			buildConfigurations = (
				53C6057B2AA72C360031A0F1 /* Debug */,
				53C6057C2AA72C360031A0F1 /* Release */,
			);
			defaultConfigurationIsVisible = 0;
			defaultConfigurationName = Release;
		};
/* End XCConfigurationList section */
	};
	rootObject = 53C605422AA72C350031A0F1 /* Project object */;
}
